// !$*UTF8*$!
{
	archiveVersion = 1;
	classes = {
	};
	objectVersion = 48;
	objects = {

/* Begin PBXBuildFile section */
		179E03B0C893AB4072003F0B /* Pods_sample.framework in Frameworks */ = {isa = PBXBuildFile; fileRef = 77624E42D765E09AB09B8E5B /* Pods_sample.framework */; };
		59C0D9AE1FD84E4000127F9A /* AppDelegate.swift in Sources */ = {isa = PBXBuildFile; fileRef = 59C0D9AD1FD84E4000127F9A /* AppDelegate.swift */; };
		59C0D9B01FD84E4000127F9A /* ViewController.swift in Sources */ = {isa = PBXBuildFile; fileRef = 59C0D9AF1FD84E4000127F9A /* ViewController.swift */; };
		59C0D9B31FD84E4000127F9A /* Main.storyboard in Resources */ = {isa = PBXBuildFile; fileRef = 59C0D9B11FD84E4000127F9A /* Main.storyboard */; };
		59C0D9B51FD84E4000127F9A /* Assets.xcassets in Resources */ = {isa = PBXBuildFile; fileRef = 59C0D9B41FD84E4000127F9A /* Assets.xcassets */; };
		59C0D9B81FD84E4000127F9A /* LaunchScreen.storyboard in Resources */ = {isa = PBXBuildFile; fileRef = 59C0D9B61FD84E4000127F9A /* LaunchScreen.storyboard */; };
		59C0D9C01FD84F3100127F9A /* ViewControllerViewModel.swift in Sources */ = {isa = PBXBuildFile; fileRef = 59C0D9BF1FD84F3000127F9A /* ViewControllerViewModel.swift */; };
		59C0D9C21FD84F7400127F9A /* ViewController+JTAppleCalendar.swift in Sources */ = {isa = PBXBuildFile; fileRef = 59C0D9C11FD84F7400127F9A /* ViewController+JTAppleCalendar.swift */; };
		59C0D9C41FD8502D00127F9A /* CalendarCellView.swift in Sources */ = {isa = PBXBuildFile; fileRef = 59C0D9C31FD8502D00127F9A /* CalendarCellView.swift */; };
		59C0D9C61FD850B100127F9A /* NSObject+Reflection.swift in Sources */ = {isa = PBXBuildFile; fileRef = 59C0D9C51FD850B100127F9A /* NSObject+Reflection.swift */; };
		59C0D9CD1FD8516B00127F9A /* Calendar+SameDay.swift in Sources */ = {isa = PBXBuildFile; fileRef = 59C0D9CC1FD8516B00127F9A /* Calendar+SameDay.swift */; };
		59C0D9D01FD851A100127F9A /* Design.swift in Sources */ = {isa = PBXBuildFile; fileRef = 59C0D9CF1FD851A100127F9A /* Design.swift */; };
		59C0D9D21FD8520D00127F9A /* Date+FirstLastDays.swift in Sources */ = {isa = PBXBuildFile; fileRef = 59C0D9D11FD8520D00127F9A /* Date+FirstLastDays.swift */; };
/* End PBXBuildFile section */

/* Begin PBXFileReference section */
		33A59C389D9A0A61B07E5A06 /* Pods-sample.release.xcconfig */ = {isa = PBXFileReference; includeInIndex = 1; lastKnownFileType = text.xcconfig; name = "Pods-sample.release.xcconfig"; path = "Pods/Target Support Files/Pods-sample/Pods-sample.release.xcconfig"; sourceTree = "<group>"; };
		59C0D9AA1FD84E4000127F9A /* sample.app */ = {isa = PBXFileReference; explicitFileType = wrapper.application; includeInIndex = 0; path = sample.app; sourceTree = BUILT_PRODUCTS_DIR; };
		59C0D9AD1FD84E4000127F9A /* AppDelegate.swift */ = {isa = PBXFileReference; lastKnownFileType = sourcecode.swift; path = AppDelegate.swift; sourceTree = "<group>"; };
		59C0D9AF1FD84E4000127F9A /* ViewController.swift */ = {isa = PBXFileReference; lastKnownFileType = sourcecode.swift; path = ViewController.swift; sourceTree = "<group>"; };
		59C0D9B21FD84E4000127F9A /* Base */ = {isa = PBXFileReference; lastKnownFileType = file.storyboard; name = Base; path = Base.lproj/Main.storyboard; sourceTree = "<group>"; };
		59C0D9B41FD84E4000127F9A /* Assets.xcassets */ = {isa = PBXFileReference; lastKnownFileType = folder.assetcatalog; path = Assets.xcassets; sourceTree = "<group>"; };
		59C0D9B71FD84E4000127F9A /* Base */ = {isa = PBXFileReference; lastKnownFileType = file.storyboard; name = Base; path = Base.lproj/LaunchScreen.storyboard; sourceTree = "<group>"; };
		59C0D9B91FD84E4000127F9A /* Info.plist */ = {isa = PBXFileReference; lastKnownFileType = text.plist.xml; path = Info.plist; sourceTree = "<group>"; };
		59C0D9BF1FD84F3000127F9A /* ViewControllerViewModel.swift */ = {isa = PBXFileReference; lastKnownFileType = sourcecode.swift; path = ViewControllerViewModel.swift; sourceTree = "<group>"; };
		59C0D9C11FD84F7400127F9A /* ViewController+JTAppleCalendar.swift */ = {isa = PBXFileReference; lastKnownFileType = sourcecode.swift; path = "ViewController+JTAppleCalendar.swift"; sourceTree = "<group>"; };
		59C0D9C31FD8502D00127F9A /* CalendarCellView.swift */ = {isa = PBXFileReference; lastKnownFileType = sourcecode.swift; path = CalendarCellView.swift; sourceTree = "<group>"; };
		59C0D9C51FD850B100127F9A /* NSObject+Reflection.swift */ = {isa = PBXFileReference; lastKnownFileType = sourcecode.swift; path = "NSObject+Reflection.swift"; sourceTree = "<group>"; };
		59C0D9CC1FD8516B00127F9A /* Calendar+SameDay.swift */ = {isa = PBXFileReference; lastKnownFileType = sourcecode.swift; path = "Calendar+SameDay.swift"; sourceTree = "<group>"; };
		59C0D9CF1FD851A100127F9A /* Design.swift */ = {isa = PBXFileReference; lastKnownFileType = sourcecode.swift; path = Design.swift; sourceTree = "<group>"; };
		59C0D9D11FD8520D00127F9A /* Date+FirstLastDays.swift */ = {isa = PBXFileReference; lastKnownFileType = sourcecode.swift; path = "Date+FirstLastDays.swift"; sourceTree = "<group>"; };
		77624E42D765E09AB09B8E5B /* Pods_sample.framework */ = {isa = PBXFileReference; explicitFileType = wrapper.framework; includeInIndex = 0; path = Pods_sample.framework; sourceTree = BUILT_PRODUCTS_DIR; };
		D4C925A90C9B6422F52F9BBF /* Pods-sample.debug.xcconfig */ = {isa = PBXFileReference; includeInIndex = 1; lastKnownFileType = text.xcconfig; name = "Pods-sample.debug.xcconfig"; path = "Pods/Target Support Files/Pods-sample/Pods-sample.debug.xcconfig"; sourceTree = "<group>"; };
/* End PBXFileReference section */

/* Begin PBXFrameworksBuildPhase section */
		59C0D9A71FD84E4000127F9A /* Frameworks */ = {
			isa = PBXFrameworksBuildPhase;
			buildActionMask = 2147483647;
			files = (
				179E03B0C893AB4072003F0B /* Pods_sample.framework in Frameworks */,
			);
			runOnlyForDeploymentPostprocessing = 0;
		};
/* End PBXFrameworksBuildPhase section */

/* Begin PBXGroup section */
		59C0D9A11FD84E4000127F9A = {
			isa = PBXGroup;
			children = (
				59C0D9AC1FD84E4000127F9A /* sample */,
				59C0D9AB1FD84E4000127F9A /* Products */,
				77F1C3E26D95238740FD5DAC /* Pods */,
				E89D3A8ECD6DE3D974F59AA6 /* Frameworks */,
			);
			sourceTree = "<group>";
		};
		59C0D9AB1FD84E4000127F9A /* Products */ = {
			isa = PBXGroup;
			children = (
				59C0D9AA1FD84E4000127F9A /* sample.app */,
			);
			name = Products;
			sourceTree = "<group>";
		};
		59C0D9AC1FD84E4000127F9A /* sample */ = {
			isa = PBXGroup;
			children = (
				59C0D9AD1FD84E4000127F9A /* AppDelegate.swift */,
				59C0D9CA1FD850E800127F9A /* ViewController */,
				59C0D9C71FD850B700127F9A /* Extensions */,
				59C0D9C81FD850C700127F9A /* Views */,
				59C0D9CE1FD8519100127F9A /* Assets */,
				59C0D9C91FD850D100127F9A /* Supporting Files */,
			);
			path = sample;
			sourceTree = "<group>";
		};
		59C0D9C71FD850B700127F9A /* Extensions */ = {
			isa = PBXGroup;
			children = (
				59C0D9C51FD850B100127F9A /* NSObject+Reflection.swift */,
				59C0D9CC1FD8516B00127F9A /* Calendar+SameDay.swift */,
				59C0D9D11FD8520D00127F9A /* Date+FirstLastDays.swift */,
			);
			path = Extensions;
			sourceTree = "<group>";
		};
		59C0D9C81FD850C700127F9A /* Views */ = {
			isa = PBXGroup;
			children = (
				59C0D9C31FD8502D00127F9A /* CalendarCellView.swift */,
				59C0D9B11FD84E4000127F9A /* Main.storyboard */,
				59C0D9B61FD84E4000127F9A /* LaunchScreen.storyboard */,
			);
			path = Views;
			sourceTree = "<group>";
		};
		59C0D9C91FD850D100127F9A /* Supporting Files */ = {
			isa = PBXGroup;
			children = (
				59C0D9B91FD84E4000127F9A /* Info.plist */,
				59C0D9CF1FD851A100127F9A /* Design.swift */,
			);
			path = "Supporting Files";
			sourceTree = "<group>";
		};
		59C0D9CA1FD850E800127F9A /* ViewController */ = {
			isa = PBXGroup;
			children = (
				59C0D9AF1FD84E4000127F9A /* ViewController.swift */,
				59C0D9C11FD84F7400127F9A /* ViewController+JTAppleCalendar.swift */,
				59C0D9CB1FD850F800127F9A /* ViewModel */,
			);
			path = ViewController;
			sourceTree = "<group>";
		};
		59C0D9CB1FD850F800127F9A /* ViewModel */ = {
			isa = PBXGroup;
			children = (
				59C0D9BF1FD84F3000127F9A /* ViewControllerViewModel.swift */,
			);
			path = ViewModel;
			sourceTree = "<group>";
		};
		59C0D9CE1FD8519100127F9A /* Assets */ = {
			isa = PBXGroup;
			children = (
				59C0D9B41FD84E4000127F9A /* Assets.xcassets */,
			);
			path = Assets;
			sourceTree = "<group>";
		};
		77F1C3E26D95238740FD5DAC /* Pods */ = {
			isa = PBXGroup;
			children = (
				D4C925A90C9B6422F52F9BBF /* Pods-sample.debug.xcconfig */,
				33A59C389D9A0A61B07E5A06 /* Pods-sample.release.xcconfig */,
			);
			name = Pods;
			sourceTree = "<group>";
		};
		E89D3A8ECD6DE3D974F59AA6 /* Frameworks */ = {
			isa = PBXGroup;
			children = (
				77624E42D765E09AB09B8E5B /* Pods_sample.framework */,
			);
			name = Frameworks;
			sourceTree = "<group>";
		};
/* End PBXGroup section */

/* Begin PBXNativeTarget section */
		59C0D9A91FD84E4000127F9A /* sample */ = {
			isa = PBXNativeTarget;
			buildConfigurationList = 59C0D9BC1FD84E4000127F9A /* Build configuration list for PBXNativeTarget "sample" */;
			buildPhases = (
				6598A9A74F81E0AEA5FF8CDA /* [CP] Check Pods Manifest.lock */,
				59C0D9A61FD84E4000127F9A /* Sources */,
				59C0D9A71FD84E4000127F9A /* Frameworks */,
				59C0D9A81FD84E4000127F9A /* Resources */,
				1CEC735F427A8FCDC3A7A632 /* [CP] Embed Pods Frameworks */,
				B0EE4D28A1DEB0B07772B624 /* [CP] Copy Pods Resources */,
			);
			buildRules = (
			);
			dependencies = (
			);
			name = sample;
			productName = sample;
			productReference = 59C0D9AA1FD84E4000127F9A /* sample.app */;
			productType = "com.apple.product-type.application";
		};
/* End PBXNativeTarget section */

/* Begin PBXProject section */
		59C0D9A21FD84E4000127F9A /* Project object */ = {
			isa = PBXProject;
			attributes = {
				LastSwiftUpdateCheck = 0920;
				LastUpgradeCheck = 0920;
				ORGANIZATIONNAME = nsmyself;
				TargetAttributes = {
					59C0D9A91FD84E4000127F9A = {
						CreatedOnToolsVersion = 9.2;
						ProvisioningStyle = Automatic;
					};
				};
			};
			buildConfigurationList = 59C0D9A51FD84E4000127F9A /* Build configuration list for PBXProject "sample" */;
			compatibilityVersion = "Xcode 8.0";
			developmentRegion = en;
			hasScannedForEncodings = 0;
			knownRegions = (
				en,
				Base,
			);
			mainGroup = 59C0D9A11FD84E4000127F9A;
			productRefGroup = 59C0D9AB1FD84E4000127F9A /* Products */;
			projectDirPath = "";
			projectRoot = "";
			targets = (
				59C0D9A91FD84E4000127F9A /* sample */,
			);
		};
/* End PBXProject section */

/* Begin PBXResourcesBuildPhase section */
		59C0D9A81FD84E4000127F9A /* Resources */ = {
			isa = PBXResourcesBuildPhase;
			buildActionMask = 2147483647;
			files = (
				59C0D9B81FD84E4000127F9A /* LaunchScreen.storyboard in Resources */,
				59C0D9B51FD84E4000127F9A /* Assets.xcassets in Resources */,
				59C0D9B31FD84E4000127F9A /* Main.storyboard in Resources */,
			);
			runOnlyForDeploymentPostprocessing = 0;
		};
/* End PBXResourcesBuildPhase section */

/* Begin PBXShellScriptBuildPhase section */
		1CEC735F427A8FCDC3A7A632 /* [CP] Embed Pods Frameworks */ = {
			isa = PBXShellScriptBuildPhase;
			buildActionMask = 2147483647;
			files = (
			);
			inputPaths = (
				"${SRCROOT}/Pods/Target Support Files/Pods-sample/Pods-sample-frameworks.sh",
				"${BUILT_PRODUCTS_DIR}/JTAppleCalendar/JTAppleCalendar.framework",
			);
			name = "[CP] Embed Pods Frameworks";
			outputPaths = (
				"${TARGET_BUILD_DIR}/${FRAMEWORKS_FOLDER_PATH}/JTAppleCalendar.framework",
			);
			runOnlyForDeploymentPostprocessing = 0;
			shellPath = /bin/sh;
			shellScript = "\"${SRCROOT}/Pods/Target Support Files/Pods-sample/Pods-sample-frameworks.sh\"\n";
			showEnvVarsInLog = 0;
		};
		6598A9A74F81E0AEA5FF8CDA /* [CP] Check Pods Manifest.lock */ = {
			isa = PBXShellScriptBuildPhase;
			buildActionMask = 2147483647;
			files = (
			);
			inputPaths = (
				"${PODS_PODFILE_DIR_PATH}/Podfile.lock",
				"${PODS_ROOT}/Manifest.lock",
			);
			name = "[CP] Check Pods Manifest.lock";
			outputPaths = (
				"$(DERIVED_FILE_DIR)/Pods-sample-checkManifestLockResult.txt",
			);
			runOnlyForDeploymentPostprocessing = 0;
			shellPath = /bin/sh;
			shellScript = "diff \"${PODS_PODFILE_DIR_PATH}/Podfile.lock\" \"${PODS_ROOT}/Manifest.lock\" > /dev/null\nif [ $? != 0 ] ; then\n    # print error to STDERR\n    echo \"error: The sandbox is not in sync with the Podfile.lock. Run 'pod install' or update your CocoaPods installation.\" >&2\n    exit 1\nfi\n# This output is used by Xcode 'outputs' to avoid re-running this script phase.\necho \"SUCCESS\" > \"${SCRIPT_OUTPUT_FILE_0}\"\n";
			showEnvVarsInLog = 0;
		};
		B0EE4D28A1DEB0B07772B624 /* [CP] Copy Pods Resources */ = {
			isa = PBXShellScriptBuildPhase;
			buildActionMask = 2147483647;
			files = (
			);
			inputPaths = (
			);
			name = "[CP] Copy Pods Resources";
			outputPaths = (
			);
			runOnlyForDeploymentPostprocessing = 0;
			shellPath = /bin/sh;
			shellScript = "\"${SRCROOT}/Pods/Target Support Files/Pods-sample/Pods-sample-resources.sh\"\n";
			showEnvVarsInLog = 0;
		};
/* End PBXShellScriptBuildPhase section */

/* Begin PBXSourcesBuildPhase section */
		59C0D9A61FD84E4000127F9A /* Sources */ = {
			isa = PBXSourcesBuildPhase;
			buildActionMask = 2147483647;
			files = (
				59C0D9D21FD8520D00127F9A /* Date+FirstLastDays.swift in Sources */,
				59C0D9CD1FD8516B00127F9A /* Calendar+SameDay.swift in Sources */,
				59C0D9D01FD851A100127F9A /* Design.swift in Sources */,
				59C0D9C61FD850B100127F9A /* NSObject+Reflection.swift in Sources */,
				59C0D9B01FD84E4000127F9A /* ViewController.swift in Sources */,
				59C0D9C41FD8502D00127F9A /* CalendarCellView.swift in Sources */,
				59C0D9C01FD84F3100127F9A /* ViewControllerViewModel.swift in Sources */,
				59C0D9AE1FD84E4000127F9A /* AppDelegate.swift in Sources */,
				59C0D9C21FD84F7400127F9A /* ViewController+JTAppleCalendar.swift in Sources */,
			);
			runOnlyForDeploymentPostprocessing = 0;
		};
/* End PBXSourcesBuildPhase section */

/* Begin PBXVariantGroup section */
		59C0D9B11FD84E4000127F9A /* Main.storyboard */ = {
			isa = PBXVariantGroup;
			children = (
				59C0D9B21FD84E4000127F9A /* Base */,
			);
			name = Main.storyboard;
			sourceTree = "<group>";
		};
		59C0D9B61FD84E4000127F9A /* LaunchScreen.storyboard */ = {
			isa = PBXVariantGroup;
			children = (
				59C0D9B71FD84E4000127F9A /* Base */,
			);
			name = LaunchScreen.storyboard;
			sourceTree = "<group>";
		};
/* End PBXVariantGroup section */

/* Begin XCBuildConfiguration section */
		59C0D9BA1FD84E4000127F9A /* Debug */ = {
			isa = XCBuildConfiguration;
			buildSettings = {
				ALWAYS_SEARCH_USER_PATHS = NO;
				CLANG_ANALYZER_NONNULL = YES;
				CLANG_ANALYZER_NUMBER_OBJECT_CONVERSION = YES_AGGRESSIVE;
				CLANG_CXX_LANGUAGE_STANDARD = "gnu++14";
				CLANG_CXX_LIBRARY = "libc++";
				CLANG_ENABLE_MODULES = YES;
				CLANG_ENABLE_OBJC_ARC = YES;
				CLANG_WARN_BLOCK_CAPTURE_AUTORELEASING = YES;
				CLANG_WARN_BOOL_CONVERSION = YES;
				CLANG_WARN_COMMA = YES;
				CLANG_WARN_CONSTANT_CONVERSION = YES;
				CLANG_WARN_DIRECT_OBJC_ISA_USAGE = YES_ERROR;
				CLANG_WARN_DOCUMENTATION_COMMENTS = YES;
				CLANG_WARN_EMPTY_BODY = YES;
				CLANG_WARN_ENUM_CONVERSION = YES;
				CLANG_WARN_INFINITE_RECURSION = YES;
				CLANG_WARN_INT_CONVERSION = YES;
				CLANG_WARN_NON_LITERAL_NULL_CONVERSION = YES;
				CLANG_WARN_OBJC_LITERAL_CONVERSION = YES;
				CLANG_WARN_OBJC_ROOT_CLASS = YES_ERROR;
				CLANG_WARN_RANGE_LOOP_ANALYSIS = YES;
				CLANG_WARN_STRICT_PROTOTYPES = YES;
				CLANG_WARN_SUSPICIOUS_MOVE = YES;
				CLANG_WARN_UNGUARDED_AVAILABILITY = YES_AGGRESSIVE;
				CLANG_WARN_UNREACHABLE_CODE = YES;
				CLANG_WARN__DUPLICATE_METHOD_MATCH = YES;
				CODE_SIGN_IDENTITY = "iPhone Developer";
				COPY_PHASE_STRIP = NO;
				DEBUG_INFORMATION_FORMAT = dwarf;
				ENABLE_STRICT_OBJC_MSGSEND = YES;
				ENABLE_TESTABILITY = YES;
				GCC_C_LANGUAGE_STANDARD = gnu11;
				GCC_DYNAMIC_NO_PIC = NO;
				GCC_NO_COMMON_BLOCKS = YES;
				GCC_OPTIMIZATION_LEVEL = 0;
				GCC_PREPROCESSOR_DEFINITIONS = (
					"DEBUG=1",
					"$(inherited)",
				);
				GCC_WARN_64_TO_32_BIT_CONVERSION = YES;
				GCC_WARN_ABOUT_RETURN_TYPE = YES_ERROR;
				GCC_WARN_UNDECLARED_SELECTOR = YES;
				GCC_WARN_UNINITIALIZED_AUTOS = YES_AGGRESSIVE;
				GCC_WARN_UNUSED_FUNCTION = YES;
				GCC_WARN_UNUSED_VARIABLE = YES;
				IPHONEOS_DEPLOYMENT_TARGET = 11.2;
				MTL_ENABLE_DEBUG_INFO = YES;
				ONLY_ACTIVE_ARCH = YES;
				SDKROOT = iphoneos;
				SWIFT_ACTIVE_COMPILATION_CONDITIONS = DEBUG;
				SWIFT_OPTIMIZATION_LEVEL = "-Onone";
			};
			name = Debug;
		};
		59C0D9BB1FD84E4000127F9A /* Release */ = {
			isa = XCBuildConfiguration;
			buildSettings = {
				ALWAYS_SEARCH_USER_PATHS = NO;
				CLANG_ANALYZER_NONNULL = YES;
				CLANG_ANALYZER_NUMBER_OBJECT_CONVERSION = YES_AGGRESSIVE;
				CLANG_CXX_LANGUAGE_STANDARD = "gnu++14";
				CLANG_CXX_LIBRARY = "libc++";
				CLANG_ENABLE_MODULES = YES;
				CLANG_ENABLE_OBJC_ARC = YES;
				CLANG_WARN_BLOCK_CAPTURE_AUTORELEASING = YES;
				CLANG_WARN_BOOL_CONVERSION = YES;
				CLANG_WARN_COMMA = YES;
				CLANG_WARN_CONSTANT_CONVERSION = YES;
				CLANG_WARN_DIRECT_OBJC_ISA_USAGE = YES_ERROR;
				CLANG_WARN_DOCUMENTATION_COMMENTS = YES;
				CLANG_WARN_EMPTY_BODY = YES;
				CLANG_WARN_ENUM_CONVERSION = YES;
				CLANG_WARN_INFINITE_RECURSION = YES;
				CLANG_WARN_INT_CONVERSION = YES;
				CLANG_WARN_NON_LITERAL_NULL_CONVERSION = YES;
				CLANG_WARN_OBJC_LITERAL_CONVERSION = YES;
				CLANG_WARN_OBJC_ROOT_CLASS = YES_ERROR;
				CLANG_WARN_RANGE_LOOP_ANALYSIS = YES;
				CLANG_WARN_STRICT_PROTOTYPES = YES;
				CLANG_WARN_SUSPICIOUS_MOVE = YES;
				CLANG_WARN_UNGUARDED_AVAILABILITY = YES_AGGRESSIVE;
				CLANG_WARN_UNREACHABLE_CODE = YES;
				CLANG_WARN__DUPLICATE_METHOD_MATCH = YES;
				CODE_SIGN_IDENTITY = "iPhone Developer";
				COPY_PHASE_STRIP = NO;
				DEBUG_INFORMATION_FORMAT = "dwarf-with-dsym";
				ENABLE_NS_ASSERTIONS = NO;
				ENABLE_STRICT_OBJC_MSGSEND = YES;
				GCC_C_LANGUAGE_STANDARD = gnu11;
				GCC_NO_COMMON_BLOCKS = YES;
				GCC_WARN_64_TO_32_BIT_CONVERSION = YES;
				GCC_WARN_ABOUT_RETURN_TYPE = YES_ERROR;
				GCC_WARN_UNDECLARED_SELECTOR = YES;
				GCC_WARN_UNINITIALIZED_AUTOS = YES_AGGRESSIVE;
				GCC_WARN_UNUSED_FUNCTION = YES;
				GCC_WARN_UNUSED_VARIABLE = YES;
				IPHONEOS_DEPLOYMENT_TARGET = 11.2;
				MTL_ENABLE_DEBUG_INFO = NO;
				SDKROOT = iphoneos;
				SWIFT_OPTIMIZATION_LEVEL = "-Owholemodule";
				VALIDATE_PRODUCT = YES;
			};
			name = Release;
		};
		59C0D9BD1FD84E4000127F9A /* Debug */ = {
			isa = XCBuildConfiguration;
			baseConfigurationReference = D4C925A90C9B6422F52F9BBF /* Pods-sample.debug.xcconfig */;
			buildSettings = {
				ASSETCATALOG_COMPILER_APPICON_NAME = AppIcon;
				CODE_SIGN_STYLE = Automatic;
				DEVELOPMENT_TEAM = UP6QXSY3FS;
				INFOPLIST_FILE = "$(SRCROOT)/sample/Supporting Files/Info.plist";
				IPHONEOS_DEPLOYMENT_TARGET = 9.3;
				LD_RUNPATH_SEARCH_PATHS = "$(inherited) @executable_path/Frameworks";
				PRODUCT_BUNDLE_IDENTIFIER = com.nsmyself.sample;
				PRODUCT_NAME = "$(TARGET_NAME)";
				SWIFT_VERSION = 4.0;
				TARGETED_DEVICE_FAMILY = "1,2";
			};
			name = Debug;
		};
		59C0D9BE1FD84E4000127F9A /* Release */ = {
			isa = XCBuildConfiguration;
			baseConfigurationReference = 33A59C389D9A0A61B07E5A06 /* Pods-sample.release.xcconfig */;
			buildSettings = {
				ASSETCATALOG_COMPILER_APPICON_NAME = AppIcon;
				CODE_SIGN_STYLE = Automatic;
				DEVELOPMENT_TEAM = UP6QXSY3FS;
				INFOPLIST_FILE = "$(SRCROOT)/sample/Supporting Files/Info.plist";
				IPHONEOS_DEPLOYMENT_TARGET = 9.3;
				LD_RUNPATH_SEARCH_PATHS = "$(inherited) @executable_path/Frameworks";
				PRODUCT_BUNDLE_IDENTIFIER = com.nsmyself.sample;
				PRODUCT_NAME = "$(TARGET_NAME)";
				SWIFT_VERSION = 4.0;
				TARGETED_DEVICE_FAMILY = "1,2";
			};
			name = Release;
		};
/* End XCBuildConfiguration section */

/* Begin XCConfigurationList section */
		59C0D9A51FD84E4000127F9A /* Build configuration list for PBXProject "sample" */ = {
			isa = XCConfigurationList;
			buildConfigurations = (
				59C0D9BA1FD84E4000127F9A /* Debug */,
				59C0D9BB1FD84E4000127F9A /* Release */,
			);
			defaultConfigurationIsVisible = 0;
			defaultConfigurationName = Release;
		};
		59C0D9BC1FD84E4000127F9A /* Build configuration list for PBXNativeTarget "sample" */ = {
			isa = XCConfigurationList;
			buildConfigurations = (
				59C0D9BD1FD84E4000127F9A /* Debug */,
				59C0D9BE1FD84E4000127F9A /* Release */,
			);
			defaultConfigurationIsVisible = 0;
			defaultConfigurationName = Release;
		};
/* End XCConfigurationList section */
	};
	rootObject = 59C0D9A21FD84E4000127F9A /* Project object */;
}
